<?xml version="1.0" encoding="utf-8"?>
<Project ToolsVersion="4.0" xmlns="http://schemas.microsoft.com/developer/msbuild/2003">
  <ItemGroup>
    <Filter Include="Source Files">
      <UniqueIdentifier>{6f64ac45-882f-4328-ad5b-a68a24420941}</UniqueIdentifier>
      <Extensions>cpp;c;cxx;rc;def;r;odl;hpj;bat;for;f90</Extensions>
    </Filter>
    <Filter Include="Source Files\jpeg">
      <UniqueIdentifier>{ebc3ddc5-40ce-4e19-9a64-2fd453998ead}</UniqueIdentifier>
    </Filter>
    <Filter Include="Header Files">
      <UniqueIdentifier>{c6fbc5fa-28dc-4395-9c6e-d7fd636f8c70}</UniqueIdentifier>
      <Extensions>h;hpp;hxx;hm;inl;fi;fd</Extensions>
    </Filter>
    <Filter Include="Resource Files">
      <UniqueIdentifier>{c31087df-2486-4166-9196-b0c5ac28fb42}</UniqueIdentifier>
      <Extensions>ico;cur;bmp;dlg;rc2;rct;bin;cnt;rtf;gif;jpg;jpeg;jpe</Extensions>
    </Filter>
  </ItemGroup>
  <ItemGroup>
    <ClCompile Include="gl_cin.c">
      <Filter>Source Files</Filter>
    </ClCompile>
    <ClCompile Include="gl_debug.c">
      <Filter>Source Files</Filter>
    </ClCompile>
    <ClCompile Include="gl_draw.c">
      <Filter>Source Files</Filter>
    </ClCompile>
    <ClCompile Include="gl_image.c">
      <Filter>Source Files</Filter>
    </ClCompile>
    <ClCompile Include="gl_light.c">
      <Filter>Source Files</Filter>
    </ClCompile>
    <ClCompile Include="gl_mesh.c">
      <Filter>Source Files</Filter>
    </ClCompile>
    <ClCompile Include="gl_model.c">
      <Filter>Source Files</Filter>
    </ClCompile>
    <ClCompile Include="gl_refl.c">
      <Filter>Source Files</Filter>
    </ClCompile>
    <ClCompile Include="gl_rmain.c">
      <Filter>Source Files</Filter>
    </ClCompile>
    <ClCompile Include="gl_rmisc.c">
      <Filter>Source Files</Filter>
    </ClCompile>
    <ClCompile Include="gl_rsurf.c">
      <Filter>Source Files</Filter>
    </ClCompile>
    <ClCompile Include="gl_script.c">
      <Filter>Source Files</Filter>
    </ClCompile>
    <ClCompile Include="gl_warp.c">
      <Filter>Source Files</Filter>
    </ClCompile>
    <ClCompile Include="..\win32\glw_imp.c">
      <Filter>Source Files</Filter>
    </ClCompile>
    <ClCompile Include="..\game\q_shared.c">
      <Filter>Source Files</Filter>
    </ClCompile>
    <ClCompile Include="..\win32\q_shwin.c">
      <Filter>Source Files</Filter>
    </ClCompile>
    <ClCompile Include="..\linux\qgl_linux.c">
      <Filter>Source Files</Filter>
    </ClCompile>
    <ClCompile Include="..\win32\qgl_win.c">
      <Filter>Source Files</Filter>
    </ClCompile>
    <ClCompile Include="r_skm.c">
      <Filter>Source Files</Filter>
    </ClCompile>
    <ClCompile Include="jpeg\jcapimin.c">
      <Filter>Source Files\jpeg</Filter>
    </ClCompile>
    <ClCompile Include="jpeg\jcapistd.c">
      <Filter>Source Files\jpeg</Filter>
    </ClCompile>
    <ClCompile Include="jpeg\jccoefct.c">
      <Filter>Source Files\jpeg</Filter>
    </ClCompile>
    <ClCompile Include="jpeg\jccolor.c">
      <Filter>Source Files\jpeg</Filter>
    </ClCompile>
    <ClCompile Include="jpeg\jcdctmgr.c">
      <Filter>Source Files\jpeg</Filter>
    </ClCompile>
    <ClCompile Include="jpeg\jchuff.c">
      <Filter>Source Files\jpeg</Filter>
    </ClCompile>
    <ClCompile Include="jpeg\jcinit.c">
      <Filter>Source Files\jpeg</Filter>
    </ClCompile>
    <ClCompile Include="jpeg\jcmainct.c">
      <Filter>Source Files\jpeg</Filter>
    </ClCompile>
    <ClCompile Include="jpeg\jcmarker.c">
      <Filter>Source Files\jpeg</Filter>
    </ClCompile>
    <ClCompile Include="jpeg\jcmaster.c">
      <Filter>Source Files\jpeg</Filter>
    </ClCompile>
    <ClCompile Include="jpeg\jcomapi.c">
      <Filter>Source Files\jpeg</Filter>
    </ClCompile>
    <ClCompile Include="jpeg\jcparam.c">
      <Filter>Source Files\jpeg</Filter>
    </ClCompile>
    <ClCompile Include="jpeg\jcphuff.c">
      <Filter>Source Files\jpeg</Filter>
    </ClCompile>
    <ClCompile Include="jpeg\jcprepct.c">
      <Filter>Source Files\jpeg</Filter>
    </ClCompile>
    <ClCompile Include="jpeg\jcsample.c">
      <Filter>Source Files\jpeg</Filter>
    </ClCompile>
    <ClCompile Include="jpeg\jdapimin.c">
      <Filter>Source Files\jpeg</Filter>
    </ClCompile>
    <ClCompile Include="jpeg\jdapistd.c">
      <Filter>Source Files\jpeg</Filter>
    </ClCompile>
    <ClCompile Include="jpeg\jdatadst.c">
      <Filter>Source Files\jpeg</Filter>
    </ClCompile>
    <ClCompile Include="jpeg\jdatasrc.c">
      <Filter>Source Files\jpeg</Filter>
    </ClCompile>
    <ClCompile Include="jpeg\jdcoefct.c">
      <Filter>Source Files\jpeg</Filter>
    </ClCompile>
    <ClCompile Include="jpeg\jdcolor.c">
      <Filter>Source Files\jpeg</Filter>
    </ClCompile>
    <ClCompile Include="jpeg\jddctmgr.c">
      <Filter>Source Files\jpeg</Filter>
    </ClCompile>
    <ClCompile Include="jpeg\jdhuff.c">
      <Filter>Source Files\jpeg</Filter>
    </ClCompile>
    <ClCompile Include="jpeg\jdinput.c">
      <Filter>Source Files\jpeg</Filter>
    </ClCompile>
    <ClCompile Include="jpeg\jdmainct.c">
      <Filter>Source Files\jpeg</Filter>
    </ClCompile>
    <ClCompile Include="jpeg\jdmarker.c">
      <Filter>Source Files\jpeg</Filter>
    </ClCompile>
    <ClCompile Include="jpeg\jdmaster.c">
      <Filter>Source Files\jpeg</Filter>
    </ClCompile>
    <ClCompile Include="jpeg\jdmerge.c">
      <Filter>Source Files\jpeg</Filter>
    </ClCompile>
    <ClCompile Include="jpeg\jdphuff.c">
      <Filter>Source Files\jpeg</Filter>
    </ClCompile>
    <ClCompile Include="jpeg\jdpostct.c">
      <Filter>Source Files\jpeg</Filter>
    </ClCompile>
    <ClCompile Include="jpeg\jdsample.c">
      <Filter>Source Files\jpeg</Filter>
    </ClCompile>
    <ClCompile Include="jpeg\jerror.c">
      <Filter>Source Files\jpeg</Filter>
    </ClCompile>
    <ClCompile Include="jpeg\jfdctflt.c">
      <Filter>Source Files\jpeg</Filter>
    </ClCompile>
    <ClCompile Include="jpeg\jfdctfst.c">
      <Filter>Source Files\jpeg</Filter>
    </ClCompile>
    <ClCompile Include="jpeg\jfdctint.c">
      <Filter>Source Files\jpeg</Filter>
    </ClCompile>
    <ClCompile Include="jpeg\jidctflt.c">
      <Filter>Source Files\jpeg</Filter>
    </ClCompile>
    <ClCompile Include="jpeg\jidctfst.c">
      <Filter>Source Files\jpeg</Filter>
    </ClCompile>
    <ClCompile Include="jpeg\jidctint.c">
      <Filter>Source Files\jpeg</Filter>
    </ClCompile>
    <ClCompile Include="jpeg\jidctred.c">
      <Filter>Source Files\jpeg</Filter>
    </ClCompile>
    <ClCompile Include="jpeg\jmemmgr.c">
      <Filter>Source Files\jpeg</Filter>
    </ClCompile>
    <ClCompile Include="jpeg\jmemnobs.c">
      <Filter>Source Files\jpeg</Filter>
    </ClCompile>
    <ClCompile Include="jpeg\jquant1.c">
      <Filter>Source Files\jpeg</Filter>
    </ClCompile>
    <ClCompile Include="jpeg\jquant2.c">
      <Filter>Source Files\jpeg</Filter>
    </ClCompile>
    <ClCompile Include="jpeg\jutils.c">
      <Filter>Source Files\jpeg</Filter>
    </ClCompile>
  </ItemGroup>
  <ItemGroup>
    <ClInclude Include="jpeg\jchuff.h">
      <Filter>Source Files\jpeg</Filter>
    </ClInclude>
    <ClInclude Include="jpeg\jconfig.h">
      <Filter>Source Files\jpeg</Filter>
    </ClInclude>
    <ClInclude Include="jpeg\jdhuff.h">
      <Filter>Source Files\jpeg</Filter>
    </ClInclude>
    <ClInclude Include="jpeg\jerror.h">
      <Filter>Source Files\jpeg</Filter>
    </ClInclude>
    <ClInclude Include="jpeg\jinclude.h">
      <Filter>Source Files\jpeg</Filter>
    </ClInclude>
    <ClInclude Include="jpeg\jmemsys.h">
      <Filter>Source Files\jpeg</Filter>
    </ClInclude>
    <ClInclude Include="jpeg\jmorecfg.h">
      <Filter>Source Files\jpeg</Filter>
    </ClInclude>
    <ClInclude Include="jpeg\jpegint.h">
      <Filter>Source Files\jpeg</Filter>
    </ClInclude>
    <ClInclude Include="jpeg\jpeglib.h">
      <Filter>Source Files\jpeg</Filter>
    </ClInclude>
    <ClInclude Include="jpeglib.h">
      <Filter>Source Files\jpeg</Filter>
    </ClInclude>
    <ClInclude Include="jpeg\jversion.h">
      <Filter>Source Files\jpeg</Filter>
    </ClInclude>
    <ClInclude Include="anorms.h">
      <Filter>Header Files</Filter>
    </ClInclude>
    <ClInclude Include="anormtab.h">
      <Filter>Header Files</Filter>
    </ClInclude>
    <ClInclude Include="gl_cin.h">
      <Filter>Header Files</Filter>
    </ClInclude>
    <ClInclude Include="gl_local.h">
      <Filter>Header Files</Filter>
    </ClInclude>
    <ClInclude Include="gl_model.h">
      <Filter>Header Files</Filter>
    </ClInclude>
    <ClInclude Include="gl_refl.h">
      <Filter>Header Files</Filter>
    </ClInclude>
    <ClInclude Include="gl_script.h">
      <Filter>Header Files</Filter>
    </ClInclude>
    <ClInclude Include="glext.h">
      <Filter>Header Files</Filter>
    </ClInclude>
    <ClInclude Include="..\win32\glw_win.h">
      <Filter>Header Files</Filter>
    </ClInclude>
    <ClInclude Include="..\game\q_shared.h">
      <Filter>Header Files</Filter>
    </ClInclude>
    <ClInclude Include="..\qcommon\qcommon.h">
      <Filter>Header Files</Filter>
    </ClInclude>
    <ClInclude Include="..\qcommon\qfiles.h">
      <Filter>Header Files</Filter>
    </ClInclude>
    <ClInclude Include="qgl.h">
      <Filter>Header Files</Filter>
    </ClInclude>
    <ClInclude Include="qmenu.h">
      <Filter>Header Files</Filter>
    </ClInclude>
    <ClInclude Include="..\client\ref.h">
      <Filter>Header Files</Filter>
    </ClInclude>
    <ClInclude Include="ref_gl.h">
      <Filter>Header Files</Filter>
    </ClInclude>
    <ClInclude Include="warpsin.h">
      <Filter>Header Files</Filter>
    </ClInclude>
    <ClInclude Include="..\win32\winquake.h">
      <Filter>Header Files</Filter>
    </ClInclude>
  </ItemGroup>
  <ItemGroup>
    <None Include="ref_gl.def">
      <Filter>Resource Files</Filter>
    </None>
    <None Include="notes.txt" />
  </ItemGroup>
  <ItemGroup>
    <Library Include="..\win32\libpng.lib" />
    <Library Include="..\win32\zlib.lib" />
  </ItemGroup>
</Project>